
Microsoft Visual Studio Solution File, Format Version 12.00
# Visual Studio Version 17
VisualStudioVersion = 17.7.34202.233
MinimumVisualStudioVersion = 10.0.40219.1
Project("{FAE04EC0-301F-11D3-BF4B-00C04F79EFBC}") = "ClientApp", "ClientApp\ClientApp.csproj", "{A14C2715-C992-4CFE-A678-82692220DE84}"
EndProject
Global
	GlobalSection(SolutionConfigurationPlatforms) = preSolution
		Debug|Any CPU = Debug|Any CPU
		Release|Any CPU = Release|Any CPU
	EndGlobalSection
	GlobalSection(ProjectConfigurationPlatforms) = postSolution
		{A14C2715-C992-4CFE-A678-82692220DE84}.Debug|Any CPU.ActiveCfg = Debug|Any CPU
		{A14C2715-C992-4CFE-A678-82692220DE84}.Debug|Any CPU.Build.0 = Debug|Any CPU
		{A14C2715-C992-4CFE-A678-82692220DE84}.Release|Any CPU.ActiveCfg = Release|Any CPU
		{A14C2715-C992-4CFE-A678-82692220DE84}.Release|Any CPU.Build.0 = Release|Any CPU
	EndGlobalSection
	GlobalSection(SolutionProperties) = preSolution
		HideSolutionNode = FALSE
	EndGlobalSection
	GlobalSection(ExtensibilityGlobals) = postSolution
		SolutionGuid = {49891BDA-F466-4304-A6F6-9D5E9979A73E}
	EndGlobalSection
EndGlobal
